
Microsoft Visual Studio Solution File, Format Version 12.00
# Visual Studio 15
VisualStudioVersion = 15.0.28010.2046
MinimumVisualStudioVersion = 10.0.40219.1
Project("{FAE04EC0-301F-11D3-BF4B-00C04F79EFBC}") = "Introduction", "Introduction\Introduction.csproj", "{4C036C9A-604F-4D44-8CC5-6BA6BC31E030}"
EndProject
Project("{2150E333-8FDC-42A3-9474-1A3956D46DE8}") = "1. Introduction", "1. Introduction", "{B5D8C80F-E7E9-4496-B67F-7B3A66144BF2}"
EndProject
Project("{2150E333-8FDC-42A3-9474-1A3956D46DE8}") = "2. Deutschs Algorithm", "2. Deutschs Algorithm", "{0FCC9C59-6FFA-4335-9D04-B57D53CFFC26}"
EndProject
Project("{2150E333-8FDC-42A3-9474-1A3956D46DE8}") = "3. Entanglement", "3. Entanglement", "{09256FC2-3D8B-4B05-9802-0AD0963BECE7}"
EndProject
Project("{2150E333-8FDC-42A3-9474-1A3956D46DE8}") = "4. Teleportation", "4. Teleportation", "{60143F71-E715-4F8F-B4CF-67E0D7B60234}"
EndProject
Project("{FAE04EC0-301F-11D3-BF4B-00C04F79EFBC}") = "Deutsch", "Deutsch\Deutsch.csproj", "{6FDB5BFF-BB75-4388-B062-5C1E710FDDBC}"
EndProject
Project("{FAE04EC0-301F-11D3-BF4B-00C04F79EFBC}") = "Entanglement", "Entanglement\Entanglement.csproj", "{43F5A153-73A8-4059-8338-5CAC16F42F05}"
EndProject
Project("{FAE04EC0-301F-11D3-BF4B-00C04F79EFBC}") = "Teleportation", "Teleportation\Teleportation.csproj", "{829ECEAB-DC36-4942-BE73-0C3510BFCBCA}"
EndProject
Global
	GlobalSection(SolutionConfigurationPlatforms) = preSolution
		Debug|Any CPU = Debug|Any CPU
		Release|Any CPU = Release|Any CPU
	EndGlobalSection
	GlobalSection(ProjectConfigurationPlatforms) = postSolution
		{4C036C9A-604F-4D44-8CC5-6BA6BC31E030}.Debug|Any CPU.ActiveCfg = Debug|Any CPU
		{4C036C9A-604F-4D44-8CC5-6BA6BC31E030}.Debug|Any CPU.Build.0 = Debug|Any CPU
		{4C036C9A-604F-4D44-8CC5-6BA6BC31E030}.Release|Any CPU.ActiveCfg = Release|Any CPU
		{4C036C9A-604F-4D44-8CC5-6BA6BC31E030}.Release|Any CPU.Build.0 = Release|Any CPU
		{6FDB5BFF-BB75-4388-B062-5C1E710FDDBC}.Debug|Any CPU.ActiveCfg = Debug|Any CPU
		{6FDB5BFF-BB75-4388-B062-5C1E710FDDBC}.Debug|Any CPU.Build.0 = Debug|Any CPU
		{6FDB5BFF-BB75-4388-B062-5C1E710FDDBC}.Release|Any CPU.ActiveCfg = Release|Any CPU
		{6FDB5BFF-BB75-4388-B062-5C1E710FDDBC}.Release|Any CPU.Build.0 = Release|Any CPU
		{43F5A153-73A8-4059-8338-5CAC16F42F05}.Debug|Any CPU.ActiveCfg = Debug|Any CPU
		{43F5A153-73A8-4059-8338-5CAC16F42F05}.Debug|Any CPU.Build.0 = Debug|Any CPU
		{43F5A153-73A8-4059-8338-5CAC16F42F05}.Release|Any CPU.ActiveCfg = Release|Any CPU
		{43F5A153-73A8-4059-8338-5CAC16F42F05}.Release|Any CPU.Build.0 = Release|Any CPU
		{829ECEAB-DC36-4942-BE73-0C3510BFCBCA}.Debug|Any CPU.ActiveCfg = Debug|Any CPU
		{829ECEAB-DC36-4942-BE73-0C3510BFCBCA}.Debug|Any CPU.Build.0 = Debug|Any CPU
		{829ECEAB-DC36-4942-BE73-0C3510BFCBCA}.Release|Any CPU.ActiveCfg = Release|Any CPU
		{829ECEAB-DC36-4942-BE73-0C3510BFCBCA}.Release|Any CPU.Build.0 = Release|Any CPU
	EndGlobalSection
	GlobalSection(SolutionProperties) = preSolution
		HideSolutionNode = FALSE
	EndGlobalSection
	GlobalSection(NestedProjects) = preSolution
		{4C036C9A-604F-4D44-8CC5-6BA6BC31E030} = {B5D8C80F-E7E9-4496-B67F-7B3A66144BF2}
		{6FDB5BFF-BB75-4388-B062-5C1E710FDDBC} = {0FCC9C59-6FFA-4335-9D04-B57D53CFFC26}
		{43F5A153-73A8-4059-8338-5CAC16F42F05} = {09256FC2-3D8B-4B05-9802-0AD0963BECE7}
		{829ECEAB-DC36-4942-BE73-0C3510BFCBCA} = {60143F71-E715-4F8F-B4CF-67E0D7B60234}
	EndGlobalSection
	GlobalSection(ExtensibilityGlobals) = postSolution
		SolutionGuid = {242E17A6-9F0E-4754-9800-EEAAB798E4DC}
	EndGlobalSection
EndGlobal
